
Microsoft Visual Studio Solution File, Format Version 12.00
# Visual Studio Version 17
VisualStudioVersion = 17.6.33801.468
MinimumVisualStudioVersion = 10.0.40219.1
Project("{2150E333-8FDC-42A3-9474-1A3956D46DE8}") = "Core", "Core", "{E08ED477-A0FB-409C-AD30-93E3F66B92D7}"
EndProject
Project("{2150E333-8FDC-42A3-9474-1A3956D46DE8}") = "Infrastructure", "Infrastructure", "{F71E11C0-4087-4775-A797-2A4A0FF557FC}"
EndProject
Project("{2150E333-8FDC-42A3-9474-1A3956D46DE8}") = "Presentation", "Presentation", "{D839F1CC-06DD-4A0C-878A-026D6CF8C518}"
EndProject
Project("{FAE04EC0-301F-11D3-BF4B-00C04F79EFBC}") = "Api.Domain", "Core\Api.Domain\Api.Domain.csproj", "{1A6FAB09-BE6E-4DC0-8775-855EB6CDF15E}"
EndProject
Project("{FAE04EC0-301F-11D3-BF4B-00C04F79EFBC}") = "Api.Application", "Core\Api.Application\Api.Application.csproj", "{10A69122-0CCD-40DA-ACDD-BD5AB6CC8CD6}"
EndProject
Project("{FAE04EC0-301F-11D3-BF4B-00C04F79EFBC}") = "Api.Infrastructure", "Infrastructure\Api.Infrastructure\Api.Infrastructure.csproj", "{B06CF8B2-4105-4C16-8612-AA27A3A1BAFC}"
EndProject
Project("{FAE04EC0-301F-11D3-BF4B-00C04F79EFBC}") = "Api.Persistence", "Infrastructure\Api.Persistence\Api.Persistence.csproj", "{259E2FB3-C835-4F71-8AF9-E318FF2C10C3}"
EndProject
Project("{FAE04EC0-301F-11D3-BF4B-00C04F79EFBC}") = "API", "Presentation\API\API.csproj", "{8F3582A0-A8A6-4889-B17D-E0CA48960604}"
EndProject
Global
	GlobalSection(SolutionConfigurationPlatforms) = preSolution
		Debug|Any CPU = Debug|Any CPU
		Release|Any CPU = Release|Any CPU
	EndGlobalSection
	GlobalSection(ProjectConfigurationPlatforms) = postSolution
		{1A6FAB09-BE6E-4DC0-8775-855EB6CDF15E}.Debug|Any CPU.ActiveCfg = Debug|Any CPU
		{1A6FAB09-BE6E-4DC0-8775-855EB6CDF15E}.Debug|Any CPU.Build.0 = Debug|Any CPU
		{1A6FAB09-BE6E-4DC0-8775-855EB6CDF15E}.Release|Any CPU.ActiveCfg = Release|Any CPU
		{1A6FAB09-BE6E-4DC0-8775-855EB6CDF15E}.Release|Any CPU.Build.0 = Release|Any CPU
		{10A69122-0CCD-40DA-ACDD-BD5AB6CC8CD6}.Debug|Any CPU.ActiveCfg = Debug|Any CPU
		{10A69122-0CCD-40DA-ACDD-BD5AB6CC8CD6}.Debug|Any CPU.Build.0 = Debug|Any CPU
		{10A69122-0CCD-40DA-ACDD-BD5AB6CC8CD6}.Release|Any CPU.ActiveCfg = Release|Any CPU
		{10A69122-0CCD-40DA-ACDD-BD5AB6CC8CD6}.Release|Any CPU.Build.0 = Release|Any CPU
		{B06CF8B2-4105-4C16-8612-AA27A3A1BAFC}.Debug|Any CPU.ActiveCfg = Debug|Any CPU
		{B06CF8B2-4105-4C16-8612-AA27A3A1BAFC}.Debug|Any CPU.Build.0 = Debug|Any CPU
		{B06CF8B2-4105-4C16-8612-AA27A3A1BAFC}.Release|Any CPU.ActiveCfg = Release|Any CPU
		{B06CF8B2-4105-4C16-8612-AA27A3A1BAFC}.Release|Any CPU.Build.0 = Release|Any CPU
		{259E2FB3-C835-4F71-8AF9-E318FF2C10C3}.Debug|Any CPU.ActiveCfg = Debug|Any CPU
		{259E2FB3-C835-4F71-8AF9-E318FF2C10C3}.Debug|Any CPU.Build.0 = Debug|Any CPU
		{259E2FB3-C835-4F71-8AF9-E318FF2C10C3}.Release|Any CPU.ActiveCfg = Release|Any CPU
		{259E2FB3-C835-4F71-8AF9-E318FF2C10C3}.Release|Any CPU.Build.0 = Release|Any CPU
		{8F3582A0-A8A6-4889-B17D-E0CA48960604}.Debug|Any CPU.ActiveCfg = Debug|Any CPU
		{8F3582A0-A8A6-4889-B17D-E0CA48960604}.Debug|Any CPU.Build.0 = Debug|Any CPU
		{8F3582A0-A8A6-4889-B17D-E0CA48960604}.Release|Any CPU.ActiveCfg = Release|Any CPU
		{8F3582A0-A8A6-4889-B17D-E0CA48960604}.Release|Any CPU.Build.0 = Release|Any CPU
	EndGlobalSection
	GlobalSection(SolutionProperties) = preSolution
		HideSolutionNode = FALSE
	EndGlobalSection
	GlobalSection(NestedProjects) = preSolution
		{1A6FAB09-BE6E-4DC0-8775-855EB6CDF15E} = {E08ED477-A0FB-409C-AD30-93E3F66B92D7}
		{10A69122-0CCD-40DA-ACDD-BD5AB6CC8CD6} = {E08ED477-A0FB-409C-AD30-93E3F66B92D7}
		{B06CF8B2-4105-4C16-8612-AA27A3A1BAFC} = {F71E11C0-4087-4775-A797-2A4A0FF557FC}
		{259E2FB3-C835-4F71-8AF9-E318FF2C10C3} = {F71E11C0-4087-4775-A797-2A4A0FF557FC}
		{8F3582A0-A8A6-4889-B17D-E0CA48960604} = {D839F1CC-06DD-4A0C-878A-026D6CF8C518}
	EndGlobalSection
	GlobalSection(ExtensibilityGlobals) = postSolution
		SolutionGuid = {DA145AC0-CA0D-456F-9D9C-31A5C158DD72}
	EndGlobalSection
EndGlobal
